
Microsoft Visual Studio Solution File, Format Version 12.00
# Visual Studio Version 16
VisualStudioVersion = 16.0.31624.102
MinimumVisualStudioVersion = 10.0.40219.1
Project("{FAE04EC0-301F-11D3-BF4B-00C04F79EFBC}") = "ConstantsFields", "ConstantsFields\ConstantsFields.csproj", "{C94CB735-D6D5-4CF3-805A-A4A9C7FD3670}"
EndProject
Global
	GlobalSection(SolutionConfigurationPlatforms) = preSolution
		Debug|Any CPU = Debug|Any CPU
		Release|Any CPU = Release|Any CPU
	EndGlobalSection
	GlobalSection(ProjectConfigurationPlatforms) = postSolution
		{C94CB735-D6D5-4CF3-805A-A4A9C7FD3670}.Debug|Any CPU.ActiveCfg = Debug|Any CPU
		{C94CB735-D6D5-4CF3-805A-A4A9C7FD3670}.Debug|Any CPU.Build.0 = Debug|Any CPU
		{C94CB735-D6D5-4CF3-805A-A4A9C7FD3670}.Release|Any CPU.ActiveCfg = Release|Any CPU
		{C94CB735-D6D5-4CF3-805A-A4A9C7FD3670}.Release|Any CPU.Build.0 = Release|Any CPU
	EndGlobalSection
	GlobalSection(SolutionProperties) = preSolution
		HideSolutionNode = FALSE
	EndGlobalSection
	GlobalSection(ExtensibilityGlobals) = postSolution
		SolutionGuid = {4CD3D6C8-F555-4F6C-90B5-27CF2FF60C1A}
	EndGlobalSection
EndGlobal
