
Microsoft Visual Studio Solution File, Format Version 12.00
# Visual Studio Version 16
VisualStudioVersion = 16.0.32002.261
MinimumVisualStudioVersion = 10.0.40219.1
Project("{FAE04EC0-301F-11D3-BF4B-00C04F79EFBC}") = "ExampleForInterfaces", "ExampleForInterfaces\ExampleForInterfaces.csproj", "{6528E383-94CD-45AA-9CD9-1582753228DF}"
EndProject
Global
	GlobalSection(SolutionConfigurationPlatforms) = preSolution
		Debug|Any CPU = Debug|Any CPU
		Release|Any CPU = Release|Any CPU
	EndGlobalSection
	GlobalSection(ProjectConfigurationPlatforms) = postSolution
		{6528E383-94CD-45AA-9CD9-1582753228DF}.Debug|Any CPU.ActiveCfg = Debug|Any CPU
		{6528E383-94CD-45AA-9CD9-1582753228DF}.Debug|Any CPU.Build.0 = Debug|Any CPU
		{6528E383-94CD-45AA-9CD9-1582753228DF}.Release|Any CPU.ActiveCfg = Release|Any CPU
		{6528E383-94CD-45AA-9CD9-1582753228DF}.Release|Any CPU.Build.0 = Release|Any CPU
	EndGlobalSection
	GlobalSection(SolutionProperties) = preSolution
		HideSolutionNode = FALSE
	EndGlobalSection
	GlobalSection(ExtensibilityGlobals) = postSolution
		SolutionGuid = {77059ABC-8CF6-4B72-A760-9467A8549697}
	EndGlobalSection
EndGlobal
